<Solution>
  <Folder Name="/Solution Items/">
    <File Path="docker-compose.yml" />
    <File Path="GetDepartment.html" />
  </Folder>
  <Project Path="D:/iti.net/advanced c sharp/FlowersApp/DAL/PlantsDAL.csproj" />
  <Project Path="D:/iti.net/advanced c sharp/FlowersApp/FlowersApp/FlowersApp.csproj" />
  <Project Path="D:/iti.net/advanced c sharp/FlowersApp/PlantsBAL/PlantsBAL.csproj" />
  <Project Path="D:/iti.net/advanced c sharp/FlowersApp/PlantsDTO/PlantsDTO.csproj" />
</Solution>
